github.com/mike-ward/go-glyph v1.4.0 h1:Ei/WYw+fQj3fRTcSo+K6iYaEBKJaciu1FtVFDtcV99Y=
github.com/mike-ward/go-glyph v1.4.0/go.mod h1:VfDN4On7weOcfvHX8AxPxeRqPhyDPGkE+jp0OIxEYS0=
github.com/mike-ward/go-glyph/backend/android v1.0.0 h1:5CxohKlWi8zD3k2HUM3pCmWaX5bGEkRodsQb3ybVSJM=
github.com/mike-ward/go-glyph/backend/android v1.0.0/go.mod h1:OcMoGiqmQ46ydLBNw6VCuF2tFW7Oyc2Fkfw0AP25zS0=
github.com/mike-ward/go-glyph/examples/showcase_sections v1.0.0 h1:0kXXzlWXpcAq+oau4GTCIsfWgFa9ubgqhoaJ8ikIoIc=
github.com/mike-ward/go-glyph/examples/showcase_sections v1.0.0/go.mod h1:K3gF43d9GZjn4aI451TRd9o/MLvNYb3dwDAc7ati9I0=
github.com/rivo/uniseg v0.2.0 h1:S1pD9weZBuJdFmowNwbpi7BJ8TNftyUImj/0WQi72jY=
github.com/rivo/uniseg v0.2.0/go.mod h1:J6wj4VEh+S6ZtnVlnTBMWIodfgj8LQOQFoIToxlJtxc=
