github.com/mike-ward/go-glyph v1.4.1 h1:BuV4H69/z+T4F8a8iC2HUec0YP3l1bbpVEruOrYnFJg=
github.com/mike-ward/go-glyph v1.4.1/go.mod h1:VfDN4On7weOcfvHX8AxPxeRqPhyDPGkE+jp0OIxEYS0=
github.com/mike-ward/go-glyph/backend/gpu v1.0.0 h1:oFtCr7TNbIBjKylM/Ld5B6E7rStUoKS3nyFtwZeF2cE=
github.com/mike-ward/go-glyph/backend/gpu v1.0.0/go.mod h1:4/nxKIG/z9qVSG0YMC+cXcM5rJVj/qCgRQNcntJzON0=
github.com/rivo/uniseg v0.2.0 h1:S1pD9weZBuJdFmowNwbpi7BJ8TNftyUImj/0WQi72jY=
github.com/rivo/uniseg v0.2.0/go.mod h1:J6wj4VEh+S6ZtnVlnTBMWIodfgj8LQOQFoIToxlJtxc=
github.com/veandco/go-sdl2 v0.4.40 h1:fZv6wC3zz1Xt167P09gazawnpa0KY5LM7JAvKpX9d/U=
github.com/veandco/go-sdl2 v0.4.40/go.mod h1:OROqMhHD43nT4/i9crJukyVecjPNYYuCofep6SNiAjY=
